{
  "name": "demo",
  "version": "1.0.0",
  "lockfileVersion": 1,
  "requires": true,
  "dependencies": {
    "debug": {
      "version": "2.6.9",
      "resolved": "https://registry.npmjs.org/debug/-/debug-2.6.9.tgz",
      "integrity": "sha512-bC7ElrdJaJnPbAP+1EotYvqZsb3ecl5wi6Bfi6BJTUcNowp6cvspg0jXznRTKDjm/E7AdgFBVeAPVMNcKGsHMA==",
      "requires": {
        "ms": "2.0.0"
      }
    },
    "is-typedarray": {
      "version": "1.0.0",
      "resolved": "https://registry.npmjs.org/is-typedarray/-/is-typedarray-1.0.0.tgz",
      "integrity": "sha1-5HnICFjfDBsR3dppQPlgEfzaSpo="
    },
    "lfsr": {
      "version": "0.0.3",
      "resolved": "https://registry.npmjs.org/lfsr/-/lfsr-0.0.3.tgz",
      "integrity": "sha1-ptCYhfVtLzDmR09z1uarKrh36oY="
    },
    "medooze-media-server": {
      "version": "file:medooze-media-server-0.62.0.tgz",
      "integrity": "sha512-Jfuj3NbVC3mCyTWrCV9x9zBWv2XlciLtoatpWjjo8y0JWp+01btNAJ9uQLQ8on9aM0sMRmKDsQ+YmJ54WZHQOA==",
      "requires": {
        "lfsr": "0.0.3",
        "nan": "^2.11.1",
        "semantic-sdp": "^3",
        "uuid": "^3.3.2"
      }
    },
    "ms": {
      "version": "2.0.0",
      "resolved": "https://registry.npmjs.org/ms/-/ms-2.0.0.tgz",
      "integrity": "sha1-VgiurfwAvmwpAd9fmGF4jeDVl8g="
    },
    "nan": {
      "version": "2.13.2",
      "resolved": "https://registry.npmjs.org/nan/-/nan-2.13.2.tgz",
      "integrity": "sha512-TghvYc72wlMGMVMluVo9WRJc0mB8KxxF/gZ4YYFy7V2ZQX9l7rgbPg7vjS9mt6U5HXODVFVI2bOduCzwOMv/lw=="
    },
    "randombytes": {
      "version": "2.1.0",
      "resolved": "https://registry.npmjs.org/randombytes/-/randombytes-2.1.0.tgz",
      "integrity": "sha512-vYl3iOX+4CKUWuxGi9Ukhie6fsqXqS9FE2Zaic4tNFD2N2QQaXOMFbuKK4QmDHC0JO6B1Zp41J0LpT0oR68amQ==",
      "requires": {
        "safe-buffer": "^5.1.0"
      }
    },
    "safe-buffer": {
      "version": "5.1.2",
      "resolved": "https://registry.npmjs.org/safe-buffer/-/safe-buffer-5.1.2.tgz",
      "integrity": "sha512-Gd2UZBJDkXlY7GbJxfsE8/nvKkUEU1G38c1siN6QP6a9PT9MmHB8GnpscSmMJSoF8LOIrt8ud/wPtojys4G6+g=="
    },
    "sdp-transform": {
      "version": "2.7.0",
      "resolved": "https://registry.npmjs.org/sdp-transform/-/sdp-transform-2.7.0.tgz",
      "integrity": "sha512-v8/zfKeDKBEXKMf4UT91owHoXM6O+s8gEVtCVSvrAd2eEtuv5u4TKcTXX4a9qrQM3T2Ycr9rLyU+Ww3ZiCiaGQ=="
    },
    "semantic-sdp": {
      "version": "3.16.0",
      "resolved": "https://registry.npmjs.org/semantic-sdp/-/semantic-sdp-3.16.0.tgz",
      "integrity": "sha512-eciRFPMohI+G7tGzWlj315tU/GbUw7rqSXKULrflMEjl6BRoVFoZ4DsUCVBkE4J9IhP33gwhoZceZHPfYD5ppg==",
      "requires": {
        "randombytes": "^2.0.3",
        "sdp-transform": "^2.3.0"
      }
    },
    "transaction-manager": {
      "version": "2.1.1",
      "resolved": "https://registry.npmjs.org/transaction-manager/-/transaction-manager-2.1.1.tgz",
      "integrity": "sha512-bt0Q99EbB9TQ8WP0O6kYdCpce3UZrw3V3+MNUzfBkxRSo6WaXsT64qh2+ffbwUU26mBe+dplQeCs9qu5sLv4pA=="
    },
    "typedarray-to-buffer": {
      "version": "3.1.5",
      "resolved": "https://registry.npmjs.org/typedarray-to-buffer/-/typedarray-to-buffer-3.1.5.tgz",
      "integrity": "sha512-zdu8XMNEDepKKR+XYOXAVPtWui0ly0NtohUscw+UmaHiAWT8hrV1rr//H6V+0DvJ3OQ19S979M0laLfX8rm82Q==",
      "requires": {
        "is-typedarray": "^1.0.0"
      }
    },
    "uuid": {
      "version": "3.3.2",
      "resolved": "https://registry.npmjs.org/uuid/-/uuid-3.3.2.tgz",
      "integrity": "sha512-yXJmeNaw3DnnKAOKJE51sL/ZaYfWJRl1pK9dr19YFCu0ObS231AB1/LbqTKRAQ5kw8A90rA6fr4riOUpTZvQZA=="
    },
    "websocket": {
      "version": "1.0.28",
      "resolved": "https://registry.npmjs.org/websocket/-/websocket-1.0.28.tgz",
      "integrity": "sha512-00y/20/80P7H4bCYkzuuvvfDvh+dgtXi5kzDf3UcZwN6boTYaKvsrtZ5lIYm1Gsg48siMErd9M4zjSYfYFHTrA==",
      "requires": {
        "debug": "^2.2.0",
        "nan": "^2.11.0",
        "typedarray-to-buffer": "^3.1.5",
        "yaeti": "^0.0.6"
      }
    },
    "yaeti": {
      "version": "0.0.6",
      "resolved": "https://registry.npmjs.org/yaeti/-/yaeti-0.0.6.tgz",
      "integrity": "sha1-8m9ITXJoTPQr7ft2lwqhYI+/lXc="
    }
  }
}
